
Microsoft Visual Studio Solution File, Format Version 12.00
# Visual Studio Version 17
VisualStudioVersion = 17.12.35527.113 d17.12
MinimumVisualStudioVersion = 10.0.40219.1
Project("{FAE04EC0-301F-11D3-BF4B-00C04F79EFBC}") = "VideoMatrixSystem", "VideoMatrixSystem\VideoMatrixSystem.csproj", "{64E71C83-FE39-4D5C-B0DA-06A28ED3FBA6}"
EndProject
Project("{FAE04EC0-301F-11D3-BF4B-00C04F79EFBC}") = "VideoMatrixSystem.Domain", "VideoMatrixSystem.Domain\VideoMatrixSystem.Domain.csproj", "{A1518DEE-2FA1-4378-9E58-99F0BFFD0551}"
EndProject
Project("{FAE04EC0-301F-11D3-BF4B-00C04F79EFBC}") = "VideoMatrixSystem.Infraestructure", "VideoMatrixSystem.Infraestructure\VideoMatrixSystem.Infraestructure.csproj", "{29BBEFEE-C386-40BA-95CC-CD6590EA3C16}"
EndProject
Global
	GlobalSection(SolutionConfigurationPlatforms) = preSolution
		Debug|Any CPU = Debug|Any CPU
		Release|Any CPU = Release|Any CPU
	EndGlobalSection
	GlobalSection(ProjectConfigurationPlatforms) = postSolution
		{64E71C83-FE39-4D5C-B0DA-06A28ED3FBA6}.Debug|Any CPU.ActiveCfg = Debug|Any CPU
		{64E71C83-FE39-4D5C-B0DA-06A28ED3FBA6}.Debug|Any CPU.Build.0 = Debug|Any CPU
		{64E71C83-FE39-4D5C-B0DA-06A28ED3FBA6}.Release|Any CPU.ActiveCfg = Release|Any CPU
		{64E71C83-FE39-4D5C-B0DA-06A28ED3FBA6}.Release|Any CPU.Build.0 = Release|Any CPU
		{A1518DEE-2FA1-4378-9E58-99F0BFFD0551}.Debug|Any CPU.ActiveCfg = Debug|Any CPU
		{A1518DEE-2FA1-4378-9E58-99F0BFFD0551}.Debug|Any CPU.Build.0 = Debug|Any CPU
		{A1518DEE-2FA1-4378-9E58-99F0BFFD0551}.Release|Any CPU.ActiveCfg = Release|Any CPU
		{A1518DEE-2FA1-4378-9E58-99F0BFFD0551}.Release|Any CPU.Build.0 = Release|Any CPU
		{29BBEFEE-C386-40BA-95CC-CD6590EA3C16}.Debug|Any CPU.ActiveCfg = Debug|Any CPU
		{29BBEFEE-C386-40BA-95CC-CD6590EA3C16}.Debug|Any CPU.Build.0 = Debug|Any CPU
		{29BBEFEE-C386-40BA-95CC-CD6590EA3C16}.Release|Any CPU.ActiveCfg = Release|Any CPU
		{29BBEFEE-C386-40BA-95CC-CD6590EA3C16}.Release|Any CPU.Build.0 = Release|Any CPU
	EndGlobalSection
	GlobalSection(SolutionProperties) = preSolution
		HideSolutionNode = FALSE
	EndGlobalSection
EndGlobal
